// !$*UTF8*$!
{
	archiveVersion = 1;
	classes = {
	};
	objectVersion = 46;
	objects = {

/* Begin PBXBuildFile section */
		42E1F6C91B5F4FEB00224A6B /* main.c in Sources */ = {isa = PBXBuildFile; fileRef = 42E1F6C81B5F4FEB00224A6B /* main.c */; };
		42E1F6D01B5F502500224A6B /* OpenCL.framework in Frameworks */ = {isa = PBXBuildFile; fileRef = 42E1F6CF1B5F502500224A6B /* OpenCL.framework */; };
		42E1F6D21B5F502C00224A6B /* OpenGL.framework in Frameworks */ = {isa = PBXBuildFile; fileRef = 42E1F6D11B5F502C00224A6B /* OpenGL.framework */; };
		42E1F6D61B5F51E700224A6B /* nv2a_psh.cl in Sources */ = {isa = PBXBuildFile; fileRef = 42E1F6D51B5F51E700224A6B /* nv2a_psh.cl */; };
		42E1F6D81B5F536800224A6B /* nv2a_vsh.cl in Sources */ = {isa = PBXBuildFile; fileRef = 42E1F6D71B5F536800224A6B /* nv2a_vsh.cl */; };
		42E1F6DB1B5F634C00224A6B /* nv2a_vsh_sw.c in Sources */ = {isa = PBXBuildFile; fileRef = 42E1F6D91B5F634C00224A6B /* nv2a_vsh_sw.c */; };
		42E1F6DE1B5F637B00224A6B /* nv2a_dma.c in Sources */ = {isa = PBXBuildFile; fileRef = 42E1F6DC1B5F637B00224A6B /* nv2a_dma.c */; };
		42E1F6E11B5F639600224A6B /* nv2a_fifo.c in Sources */ = {isa = PBXBuildFile; fileRef = 42E1F6DF1B5F639600224A6B /* nv2a_fifo.c */; };
/* End PBXBuildFile section */

/* Begin PBXCopyFilesBuildPhase section */
		42E1F6C31B5F4FEB00224A6B /* CopyFiles */ = {
			isa = PBXCopyFilesBuildPhase;
			buildActionMask = 2147483647;
			dstPath = /usr/share/man/man1/;
			dstSubfolderSpec = 0;
			files = (
			);
			runOnlyForDeploymentPostprocessing = 1;
		};
/* End PBXCopyFilesBuildPhase section */

/* Begin PBXFileReference section */
		42E1F6C51B5F4FEB00224A6B /* nv2a */ = {isa = PBXFileReference; explicitFileType = "compiled.mach-o.executable"; includeInIndex = 0; path = nv2a; sourceTree = BUILT_PRODUCTS_DIR; };
		42E1F6C81B5F4FEB00224A6B /* main.c */ = {isa = PBXFileReference; lastKnownFileType = sourcecode.c.c; path = main.c; sourceTree = "<group>"; };
		42E1F6CF1B5F502500224A6B /* OpenCL.framework */ = {isa = PBXFileReference; lastKnownFileType = wrapper.framework; name = OpenCL.framework; path = System/Library/Frameworks/OpenCL.framework; sourceTree = SDKROOT; };
		42E1F6D11B5F502C00224A6B /* OpenGL.framework */ = {isa = PBXFileReference; lastKnownFileType = wrapper.framework; name = OpenGL.framework; path = System/Library/Frameworks/OpenGL.framework; sourceTree = SDKROOT; };
		42E1F6D51B5F51E700224A6B /* nv2a_psh.cl */ = {isa = PBXFileReference; fileEncoding = 4; lastKnownFileType = sourcecode.opencl; path = nv2a_psh.cl; sourceTree = "<group>"; };
		42E1F6D71B5F536800224A6B /* nv2a_vsh.cl */ = {isa = PBXFileReference; fileEncoding = 4; lastKnownFileType = sourcecode.opencl; path = nv2a_vsh.cl; sourceTree = "<group>"; };
		42E1F6D91B5F634C00224A6B /* nv2a_vsh_sw.c */ = {isa = PBXFileReference; fileEncoding = 4; lastKnownFileType = sourcecode.c.c; path = nv2a_vsh_sw.c; sourceTree = "<group>"; };
		42E1F6DA1B5F634C00224A6B /* nv2a_vsh_sw.h */ = {isa = PBXFileReference; fileEncoding = 4; lastKnownFileType = sourcecode.c.h; path = nv2a_vsh_sw.h; sourceTree = "<group>"; };
		42E1F6DC1B5F637B00224A6B /* nv2a_dma.c */ = {isa = PBXFileReference; fileEncoding = 4; lastKnownFileType = sourcecode.c.c; path = nv2a_dma.c; sourceTree = "<group>"; };
		42E1F6DD1B5F637B00224A6B /* nv2a_dma.h */ = {isa = PBXFileReference; fileEncoding = 4; lastKnownFileType = sourcecode.c.h; path = nv2a_dma.h; sourceTree = "<group>"; };
		42E1F6DF1B5F639600224A6B /* nv2a_fifo.c */ = {isa = PBXFileReference; fileEncoding = 4; lastKnownFileType = sourcecode.c.c; path = nv2a_fifo.c; sourceTree = "<group>"; };
		42E1F6E01B5F639600224A6B /* nv2a_fifo.h */ = {isa = PBXFileReference; fileEncoding = 4; lastKnownFileType = sourcecode.c.h; path = nv2a_fifo.h; sourceTree = "<group>"; };
/* End PBXFileReference section */

/* Begin PBXFrameworksBuildPhase section */
		42E1F6C21B5F4FEB00224A6B /* Frameworks */ = {
			isa = PBXFrameworksBuildPhase;
			buildActionMask = 2147483647;
			files = (
				42E1F6D21B5F502C00224A6B /* OpenGL.framework in Frameworks */,
				42E1F6D01B5F502500224A6B /* OpenCL.framework in Frameworks */,
			);
			runOnlyForDeploymentPostprocessing = 0;
		};
/* End PBXFrameworksBuildPhase section */

/* Begin PBXGroup section */
		42E1F6BC1B5F4FEB00224A6B = {
			isa = PBXGroup;
			children = (
				42E1F6D11B5F502C00224A6B /* OpenGL.framework */,
				42E1F6CF1B5F502500224A6B /* OpenCL.framework */,
				42E1F6C71B5F4FEB00224A6B /* nv2a */,
				42E1F6C61B5F4FEB00224A6B /* Products */,
			);
			sourceTree = "<group>";
		};
		42E1F6C61B5F4FEB00224A6B /* Products */ = {
			isa = PBXGroup;
			children = (
				42E1F6C51B5F4FEB00224A6B /* nv2a */,
			);
			name = Products;
			sourceTree = "<group>";
		};
		42E1F6C71B5F4FEB00224A6B /* nv2a */ = {
			isa = PBXGroup;
			children = (
				42E1F6D41B5F504700224A6B /* emu */,
				42E1F6D31B5F503900224A6B /* kernels */,
				42E1F6C81B5F4FEB00224A6B /* main.c */,
				42E1F6DC1B5F637B00224A6B /* nv2a_dma.c */,
				42E1F6DF1B5F639600224A6B /* nv2a_fifo.c */,
				42E1F6E01B5F639600224A6B /* nv2a_fifo.h */,
				42E1F6DD1B5F637B00224A6B /* nv2a_dma.h */,
			);
			path = nv2a;
			sourceTree = "<group>";
		};
		42E1F6D31B5F503900224A6B /* kernels */ = {
			isa = PBXGroup;
			children = (
				42E1F6D51B5F51E700224A6B /* nv2a_psh.cl */,
				42E1F6D71B5F536800224A6B /* nv2a_vsh.cl */,
			);
			name = kernels;
			sourceTree = "<group>";
		};
		42E1F6D41B5F504700224A6B /* emu */ = {
			isa = PBXGroup;
			children = (
				42E1F6D91B5F634C00224A6B /* nv2a_vsh_sw.c */,
				42E1F6DA1B5F634C00224A6B /* nv2a_vsh_sw.h */,
			);
			name = emu;
			sourceTree = "<group>";
		};
/* End PBXGroup section */

/* Begin PBXNativeTarget section */
		42E1F6C41B5F4FEB00224A6B /* nv2a */ = {
			isa = PBXNativeTarget;
			buildConfigurationList = 42E1F6CC1B5F4FEB00224A6B /* Build configuration list for PBXNativeTarget "nv2a" */;
			buildPhases = (
				42E1F6C11B5F4FEB00224A6B /* Sources */,
				42E1F6C21B5F4FEB00224A6B /* Frameworks */,
				42E1F6C31B5F4FEB00224A6B /* CopyFiles */,
			);
			buildRules = (
			);
			dependencies = (
			);
			name = nv2a;
			productName = nv2a;
			productReference = 42E1F6C51B5F4FEB00224A6B /* nv2a */;
			productType = "com.apple.product-type.tool";
		};
/* End PBXNativeTarget section */

/* Begin PBXProject section */
		42E1F6BD1B5F4FEB00224A6B /* Project object */ = {
			isa = PBXProject;
			attributes = {
				LastUpgradeCheck = 0640;
				ORGANIZATIONNAME = "Joshua Horacsek";
				TargetAttributes = {
					42E1F6C41B5F4FEB00224A6B = {
						CreatedOnToolsVersion = 6.4;
					};
				};
			};
			buildConfigurationList = 42E1F6C01B5F4FEB00224A6B /* Build configuration list for PBXProject "nv2a" */;
			compatibilityVersion = "Xcode 3.2";
			developmentRegion = English;
			hasScannedForEncodings = 0;
			knownRegions = (
				en,
			);
			mainGroup = 42E1F6BC1B5F4FEB00224A6B;
			productRefGroup = 42E1F6C61B5F4FEB00224A6B /* Products */;
			projectDirPath = "";
			projectRoot = "";
			targets = (
				42E1F6C41B5F4FEB00224A6B /* nv2a */,
			);
		};
/* End PBXProject section */

/* Begin PBXSourcesBuildPhase section */
		42E1F6C11B5F4FEB00224A6B /* Sources */ = {
			isa = PBXSourcesBuildPhase;
			buildActionMask = 2147483647;
			files = (
				42E1F6E11B5F639600224A6B /* nv2a_fifo.c in Sources */,
				42E1F6D81B5F536800224A6B /* nv2a_vsh.cl in Sources */,
				42E1F6DE1B5F637B00224A6B /* nv2a_dma.c in Sources */,
				42E1F6C91B5F4FEB00224A6B /* main.c in Sources */,
				42E1F6DB1B5F634C00224A6B /* nv2a_vsh_sw.c in Sources */,
				42E1F6D61B5F51E700224A6B /* nv2a_psh.cl in Sources */,
			);
			runOnlyForDeploymentPostprocessing = 0;
		};
/* End PBXSourcesBuildPhase section */

/* Begin XCBuildConfiguration section */
		42E1F6CA1B5F4FEB00224A6B /* Debug */ = {
			isa = XCBuildConfiguration;
			buildSettings = {
				ALWAYS_SEARCH_USER_PATHS = NO;
				CLANG_CXX_LANGUAGE_STANDARD = "gnu++0x";
				CLANG_CXX_LIBRARY = "libc++";
				CLANG_ENABLE_MODULES = YES;
				CLANG_ENABLE_OBJC_ARC = YES;
				CLANG_WARN_BOOL_CONVERSION = YES;
				CLANG_WARN_CONSTANT_CONVERSION = YES;
				CLANG_WARN_DIRECT_OBJC_ISA_USAGE = YES_ERROR;
				CLANG_WARN_EMPTY_BODY = YES;
				CLANG_WARN_ENUM_CONVERSION = YES;
				CLANG_WARN_INT_CONVERSION = YES;
				CLANG_WARN_OBJC_ROOT_CLASS = YES_ERROR;
				CLANG_WARN_UNREACHABLE_CODE = YES;
				CLANG_WARN__DUPLICATE_METHOD_MATCH = YES;
				COPY_PHASE_STRIP = NO;
				DEBUG_INFORMATION_FORMAT = dwarf;
				ENABLE_STRICT_OBJC_MSGSEND = YES;
				GCC_C_LANGUAGE_STANDARD = gnu99;
				GCC_DYNAMIC_NO_PIC = NO;
				GCC_NO_COMMON_BLOCKS = YES;
				GCC_OPTIMIZATION_LEVEL = 0;
				GCC_PREPROCESSOR_DEFINITIONS = (
					"DEBUG=1",
					"$(inherited)",
				);
				GCC_SYMBOLS_PRIVATE_EXTERN = NO;
				GCC_WARN_64_TO_32_BIT_CONVERSION = YES;
				GCC_WARN_ABOUT_RETURN_TYPE = YES_ERROR;
				GCC_WARN_UNDECLARED_SELECTOR = YES;
				GCC_WARN_UNINITIALIZED_AUTOS = YES_AGGRESSIVE;
				GCC_WARN_UNUSED_FUNCTION = YES;
				GCC_WARN_UNUSED_VARIABLE = YES;
				MACOSX_DEPLOYMENT_TARGET = 10.10;
				MTL_ENABLE_DEBUG_INFO = YES;
				ONLY_ACTIVE_ARCH = YES;
				SDKROOT = macosx;
			};
			name = Debug;
		};
		42E1F6CB1B5F4FEB00224A6B /* Release */ = {
			isa = XCBuildConfiguration;
			buildSettings = {
				ALWAYS_SEARCH_USER_PATHS = NO;
				CLANG_CXX_LANGUAGE_STANDARD = "gnu++0x";
				CLANG_CXX_LIBRARY = "libc++";
				CLANG_ENABLE_MODULES = YES;
				CLANG_ENABLE_OBJC_ARC = YES;
				CLANG_WARN_BOOL_CONVERSION = YES;
				CLANG_WARN_CONSTANT_CONVERSION = YES;
				CLANG_WARN_DIRECT_OBJC_ISA_USAGE = YES_ERROR;
				CLANG_WARN_EMPTY_BODY = YES;
				CLANG_WARN_ENUM_CONVERSION = YES;
				CLANG_WARN_INT_CONVERSION = YES;
				CLANG_WARN_OBJC_ROOT_CLASS = YES_ERROR;
				CLANG_WARN_UNREACHABLE_CODE = YES;
				CLANG_WARN__DUPLICATE_METHOD_MATCH = YES;
				COPY_PHASE_STRIP = NO;
				DEBUG_INFORMATION_FORMAT = "dwarf-with-dsym";
				ENABLE_NS_ASSERTIONS = NO;
				ENABLE_STRICT_OBJC_MSGSEND = YES;
				GCC_C_LANGUAGE_STANDARD = gnu99;
				GCC_NO_COMMON_BLOCKS = YES;
				GCC_WARN_64_TO_32_BIT_CONVERSION = YES;
				GCC_WARN_ABOUT_RETURN_TYPE = YES_ERROR;
				GCC_WARN_UNDECLARED_SELECTOR = YES;
				GCC_WARN_UNINITIALIZED_AUTOS = YES_AGGRESSIVE;
				GCC_WARN_UNUSED_FUNCTION = YES;
				GCC_WARN_UNUSED_VARIABLE = YES;
				MACOSX_DEPLOYMENT_TARGET = 10.10;
				MTL_ENABLE_DEBUG_INFO = NO;
				SDKROOT = macosx;
			};
			name = Release;
		};
		42E1F6CD1B5F4FEB00224A6B /* Debug */ = {
			isa = XCBuildConfiguration;
			buildSettings = {
				PRODUCT_NAME = "$(TARGET_NAME)";
			};
			name = Debug;
		};
		42E1F6CE1B5F4FEB00224A6B /* Release */ = {
			isa = XCBuildConfiguration;
			buildSettings = {
				PRODUCT_NAME = "$(TARGET_NAME)";
			};
			name = Release;
		};
/* End XCBuildConfiguration section */

/* Begin XCConfigurationList section */
		42E1F6C01B5F4FEB00224A6B /* Build configuration list for PBXProject "nv2a" */ = {
			isa = XCConfigurationList;
			buildConfigurations = (
				42E1F6CA1B5F4FEB00224A6B /* Debug */,
				42E1F6CB1B5F4FEB00224A6B /* Release */,
			);
			defaultConfigurationIsVisible = 0;
			defaultConfigurationName = Release;
		};
		42E1F6CC1B5F4FEB00224A6B /* Build configuration list for PBXNativeTarget "nv2a" */ = {
			isa = XCConfigurationList;
			buildConfigurations = (
				42E1F6CD1B5F4FEB00224A6B /* Debug */,
				42E1F6CE1B5F4FEB00224A6B /* Release */,
			);
			defaultConfigurationIsVisible = 0;
		};
/* End XCConfigurationList section */
	};
	rootObject = 42E1F6BD1B5F4FEB00224A6B /* Project object */;
}
